
Microsoft Visual Studio Solution File, Format Version 12.00
# Visual Studio Version 16
VisualStudioVersion = 16.0.30711.63
MinimumVisualStudioVersion = 10.0.40219.1
Project("{FAE04EC0-301F-11D3-BF4B-00C04F79EFBC}") = "CustomerOrderViewer", "CustomerOrderViewer.csproj", "{5ECF8B55-EEC2-46BC-AAA1-A0D58C462834}"
EndProject
Global
	GlobalSection(SolutionConfigurationPlatforms) = preSolution
		Debug|Any CPU = Debug|Any CPU
		Release|Any CPU = Release|Any CPU
	EndGlobalSection
	GlobalSection(ProjectConfigurationPlatforms) = postSolution
		{5ECF8B55-EEC2-46BC-AAA1-A0D58C462834}.Debug|Any CPU.ActiveCfg = Debug|Any CPU
		{5ECF8B55-EEC2-46BC-AAA1-A0D58C462834}.Debug|Any CPU.Build.0 = Debug|Any CPU
		{5ECF8B55-EEC2-46BC-AAA1-A0D58C462834}.Release|Any CPU.ActiveCfg = Release|Any CPU
		{5ECF8B55-EEC2-46BC-AAA1-A0D58C462834}.Release|Any CPU.Build.0 = Release|Any CPU
	EndGlobalSection
	GlobalSection(SolutionProperties) = preSolution
		HideSolutionNode = FALSE
	EndGlobalSection
	GlobalSection(ExtensibilityGlobals) = postSolution
		SolutionGuid = {48C02611-A3C2-4602-9BD5-172AC9C38F56}
	EndGlobalSection
EndGlobal
